
Microsoft Visual Studio Solution File, Format Version 12.00
# Visual Studio 15
Project("{FAE04EC0-301F-11D3-BF4B-00C04F79EFBC}") = "Assembly-CSharp", "Assembly-CSharp.csproj", "{5E2B4D61-C40A-7F7D-48DC-FA9C6C7D518A}"
EndProject
Global
	GlobalSection(SolutionConfigurationPlatforms) = preSolution
		Debug|Any CPU = Debug|Any CPU
		Release|Any CPU = Release|Any CPU
	EndGlobalSection
	GlobalSection(ProjectConfigurationPlatforms) = postSolution
		{5E2B4D61-C40A-7F7D-48DC-FA9C6C7D518A}.Debug|Any CPU.ActiveCfg = Debug|Any CPU
		{5E2B4D61-C40A-7F7D-48DC-FA9C6C7D518A}.Debug|Any CPU.Build.0 = Debug|Any CPU
		{5E2B4D61-C40A-7F7D-48DC-FA9C6C7D518A}.Release|Any CPU.ActiveCfg = Release|Any CPU
		{5E2B4D61-C40A-7F7D-48DC-FA9C6C7D518A}.Release|Any CPU.Build.0 = Release|Any CPU
	EndGlobalSection
	GlobalSection(SolutionProperties) = preSolution
		HideSolutionNode = FALSE
	EndGlobalSection
EndGlobal
